// !$*UTF8*$!
{
	archiveVersion = 1;
	classes = {
	};
	objectVersion = 51;
	objects = {

/* Begin PBXBuildFile section */
		2A7C6B7FA52B5C41B6D3F565 /* Pods_Money_Saver.framework in Frameworks */ = {isa = PBXBuildFile; fileRef = E3843364AE2906D6C645C760 /* Pods_Money_Saver.framework */; };
		FA282E02279808F6003107CF /* AppDelegate.swift in Sources */ = {isa = PBXBuildFile; fileRef = FA282E01279808F6003107CF /* AppDelegate.swift */; };
		FA282E06279808F6003107CF /* DemoViewController.swift in Sources */ = {isa = PBXBuildFile; fileRef = FA282E05279808F6003107CF /* DemoViewController.swift */; };
		FA282E0B279808F8003107CF /* Assets.xcassets in Resources */ = {isa = PBXBuildFile; fileRef = FA282E0A279808F8003107CF /* Assets.xcassets */; };
		FA282E0E279808F8003107CF /* LaunchScreen.storyboard in Resources */ = {isa = PBXBuildFile; fileRef = FA282E0C279808F8003107CF /* LaunchScreen.storyboard */; };
		FA2B4DE927ABFC00002D0F38 /* DemoWireframe.swift in Sources */ = {isa = PBXBuildFile; fileRef = FA2B4DE827ABFC00002D0F38 /* DemoWireframe.swift */; };
		FA2B4DEC27ABFC2D002D0F38 /* DemoViewModel.swift in Sources */ = {isa = PBXBuildFile; fileRef = FA2B4DEB27ABFC2D002D0F38 /* DemoViewModel.swift */; };
		FA2B4DF127ABFCFF002D0F38 /* WireframeProtocol.swift in Sources */ = {isa = PBXBuildFile; fileRef = FA2B4DF027ABFCFF002D0F38 /* WireframeProtocol.swift */; };
		FA8A08DE27ABD1C300551C8F /* AppCoordinator.swift in Sources */ = {isa = PBXBuildFile; fileRef = FA8A08DD27ABD1C300551C8F /* AppCoordinator.swift */; };
/* End PBXBuildFile section */

/* Begin PBXFileReference section */
		5550E6FDC7CDB3A5EB6A8112 /* Pods-Money Saver.debug.xcconfig */ = {isa = PBXFileReference; includeInIndex = 1; lastKnownFileType = text.xcconfig; name = "Pods-Money Saver.debug.xcconfig"; path = "Target Support Files/Pods-Money Saver/Pods-Money Saver.debug.xcconfig"; sourceTree = "<group>"; };
		72D56A5023A2EC5B22B6920E /* Pods-Money Saver.release.xcconfig */ = {isa = PBXFileReference; includeInIndex = 1; lastKnownFileType = text.xcconfig; name = "Pods-Money Saver.release.xcconfig"; path = "Target Support Files/Pods-Money Saver/Pods-Money Saver.release.xcconfig"; sourceTree = "<group>"; };
		E3843364AE2906D6C645C760 /* Pods_Money_Saver.framework */ = {isa = PBXFileReference; explicitFileType = wrapper.framework; includeInIndex = 0; path = Pods_Money_Saver.framework; sourceTree = BUILT_PRODUCTS_DIR; };
		FA282DFE279808F6003107CF /* Money Saver.app */ = {isa = PBXFileReference; explicitFileType = wrapper.application; includeInIndex = 0; path = "Money Saver.app"; sourceTree = BUILT_PRODUCTS_DIR; };
		FA282E01279808F6003107CF /* AppDelegate.swift */ = {isa = PBXFileReference; lastKnownFileType = sourcecode.swift; path = AppDelegate.swift; sourceTree = "<group>"; };
		FA282E05279808F6003107CF /* DemoViewController.swift */ = {isa = PBXFileReference; lastKnownFileType = sourcecode.swift; path = DemoViewController.swift; sourceTree = "<group>"; };
		FA282E0A279808F8003107CF /* Assets.xcassets */ = {isa = PBXFileReference; lastKnownFileType = folder.assetcatalog; path = Assets.xcassets; sourceTree = "<group>"; };
		FA282E0D279808F8003107CF /* Base */ = {isa = PBXFileReference; lastKnownFileType = file.storyboard; name = Base; path = Base.lproj/LaunchScreen.storyboard; sourceTree = "<group>"; };
		FA282E0F279808F8003107CF /* Info.plist */ = {isa = PBXFileReference; lastKnownFileType = text.plist.xml; path = Info.plist; sourceTree = "<group>"; };
		FA2B4DE827ABFC00002D0F38 /* DemoWireframe.swift */ = {isa = PBXFileReference; lastKnownFileType = sourcecode.swift; path = DemoWireframe.swift; sourceTree = "<group>"; };
		FA2B4DEB27ABFC2D002D0F38 /* DemoViewModel.swift */ = {isa = PBXFileReference; lastKnownFileType = sourcecode.swift; path = DemoViewModel.swift; sourceTree = "<group>"; };
		FA2B4DF027ABFCFF002D0F38 /* WireframeProtocol.swift */ = {isa = PBXFileReference; lastKnownFileType = sourcecode.swift; path = WireframeProtocol.swift; sourceTree = "<group>"; };
		FA8A08DD27ABD1C300551C8F /* AppCoordinator.swift */ = {isa = PBXFileReference; lastKnownFileType = sourcecode.swift; path = AppCoordinator.swift; sourceTree = "<group>"; };
/* End PBXFileReference section */

/* Begin PBXFrameworksBuildPhase section */
		FA282DFB279808F6003107CF /* Frameworks */ = {
			isa = PBXFrameworksBuildPhase;
			buildActionMask = 2147483647;
			files = (
				2A7C6B7FA52B5C41B6D3F565 /* Pods_Money_Saver.framework in Frameworks */,
			);
			runOnlyForDeploymentPostprocessing = 0;
		};
/* End PBXFrameworksBuildPhase section */

/* Begin PBXGroup section */
		5723EABA4ABBAA33D972E5D5 /* Frameworks */ = {
			isa = PBXGroup;
			children = (
				E3843364AE2906D6C645C760 /* Pods_Money_Saver.framework */,
			);
			name = Frameworks;
			sourceTree = "<group>";
		};
		D45F7916FFCDA8DC95D094C5 /* Pods */ = {
			isa = PBXGroup;
			children = (
				5550E6FDC7CDB3A5EB6A8112 /* Pods-Money Saver.debug.xcconfig */,
				72D56A5023A2EC5B22B6920E /* Pods-Money Saver.release.xcconfig */,
			);
			path = Pods;
			sourceTree = "<group>";
		};
		FA282DF5279808F6003107CF = {
			isa = PBXGroup;
			children = (
				FA2B4DEE27ABFCE3002D0F38 /* Shared */,
				FA282E00279808F6003107CF /* Money Saver */,
				FA282DFF279808F6003107CF /* Products */,
				D45F7916FFCDA8DC95D094C5 /* Pods */,
				5723EABA4ABBAA33D972E5D5 /* Frameworks */,
			);
			sourceTree = "<group>";
		};
		FA282DFF279808F6003107CF /* Products */ = {
			isa = PBXGroup;
			children = (
				FA282DFE279808F6003107CF /* Money Saver.app */,
			);
			name = Products;
			sourceTree = "<group>";
		};
		FA282E00279808F6003107CF /* Money Saver */ = {
			isa = PBXGroup;
			children = (
				FA8A08DC27ABD15F00551C8F /* Resources */,
				FA8A08DB27ABD10200551C8F /* Classes */,
				FA282E0F279808F8003107CF /* Info.plist */,
			);
			path = "Money Saver";
			sourceTree = "<group>";
		};
		FA2B4DE527ABFADC002D0F38 /* Modules */ = {
			isa = PBXGroup;
			children = (
				FA2B4DE627ABFAF5002D0F38 /* Demo */,
			);
			path = Modules;
			sourceTree = "<group>";
		};
		FA2B4DE627ABFAF5002D0F38 /* Demo */ = {
			isa = PBXGroup;
			children = (
				FA282E05279808F6003107CF /* DemoViewController.swift */,
				FA2B4DE827ABFC00002D0F38 /* DemoWireframe.swift */,
				FA2B4DEB27ABFC2D002D0F38 /* DemoViewModel.swift */,
			);
			path = Demo;
			sourceTree = "<group>";
		};
		FA2B4DEE27ABFCE3002D0F38 /* Shared */ = {
			isa = PBXGroup;
			children = (
				FA2B4DEF27ABFCEE002D0F38 /* Router */,
			);
			path = Shared;
			sourceTree = "<group>";
		};
		FA2B4DEF27ABFCEE002D0F38 /* Router */ = {
			isa = PBXGroup;
			children = (
				FA2B4DF027ABFCFF002D0F38 /* WireframeProtocol.swift */,
			);
			path = Router;
			sourceTree = "<group>";
		};
		FA8A08DB27ABD10200551C8F /* Classes */ = {
			isa = PBXGroup;
			children = (
				FA2B4DE527ABFADC002D0F38 /* Modules */,
				FA282E01279808F6003107CF /* AppDelegate.swift */,
				FA8A08DD27ABD1C300551C8F /* AppCoordinator.swift */,
			);
			path = Classes;
			sourceTree = "<group>";
		};
		FA8A08DC27ABD15F00551C8F /* Resources */ = {
			isa = PBXGroup;
			children = (
				FA282E0C279808F8003107CF /* LaunchScreen.storyboard */,
				FA282E0A279808F8003107CF /* Assets.xcassets */,
			);
			path = Resources;
			sourceTree = "<group>";
		};
/* End PBXGroup section */

/* Begin PBXNativeTarget section */
		FA282DFD279808F6003107CF /* Money Saver */ = {
			isa = PBXNativeTarget;
			buildConfigurationList = FA282E12279808F8003107CF /* Build configuration list for PBXNativeTarget "Money Saver" */;
			buildPhases = (
				8BE37C5A740B34809B26F01B /* [CP] Check Pods Manifest.lock */,
				FA282DFA279808F6003107CF /* Sources */,
				FA282DFB279808F6003107CF /* Frameworks */,
				FA282DFC279808F6003107CF /* Resources */,
				74735A9B3BAD465F4636149E /* [CP] Embed Pods Frameworks */,
			);
			buildRules = (
			);
			dependencies = (
			);
			name = "Money Saver";
			productName = "Money Saver";
			productReference = FA282DFE279808F6003107CF /* Money Saver.app */;
			productType = "com.apple.product-type.application";
		};
/* End PBXNativeTarget section */

/* Begin PBXProject section */
		FA282DF6279808F6003107CF /* Project object */ = {
			isa = PBXProject;
			attributes = {
				LastSwiftUpdateCheck = 1240;
				LastUpgradeCheck = 1240;
				TargetAttributes = {
					FA282DFD279808F6003107CF = {
						CreatedOnToolsVersion = 12.4;
					};
				};
			};
			buildConfigurationList = FA282DF9279808F6003107CF /* Build configuration list for PBXProject "Money Saver" */;
			compatibilityVersion = "Xcode 9.3";
			developmentRegion = en;
			hasScannedForEncodings = 0;
			knownRegions = (
				en,
				Base,
			);
			mainGroup = FA282DF5279808F6003107CF;
			productRefGroup = FA282DFF279808F6003107CF /* Products */;
			projectDirPath = "";
			projectRoot = "";
			targets = (
				FA282DFD279808F6003107CF /* Money Saver */,
			);
		};
/* End PBXProject section */

/* Begin PBXResourcesBuildPhase section */
		FA282DFC279808F6003107CF /* Resources */ = {
			isa = PBXResourcesBuildPhase;
			buildActionMask = 2147483647;
			files = (
				FA282E0E279808F8003107CF /* LaunchScreen.storyboard in Resources */,
				FA282E0B279808F8003107CF /* Assets.xcassets in Resources */,
			);
			runOnlyForDeploymentPostprocessing = 0;
		};
/* End PBXResourcesBuildPhase section */

/* Begin PBXShellScriptBuildPhase section */
		74735A9B3BAD465F4636149E /* [CP] Embed Pods Frameworks */ = {
			isa = PBXShellScriptBuildPhase;
			buildActionMask = 2147483647;
			files = (
			);
			inputFileListPaths = (
				"${PODS_ROOT}/Target Support Files/Pods-Money Saver/Pods-Money Saver-frameworks-${CONFIGURATION}-input-files.xcfilelist",
			);
			name = "[CP] Embed Pods Frameworks";
			outputFileListPaths = (
				"${PODS_ROOT}/Target Support Files/Pods-Money Saver/Pods-Money Saver-frameworks-${CONFIGURATION}-output-files.xcfilelist",
			);
			runOnlyForDeploymentPostprocessing = 0;
			shellPath = /bin/sh;
			shellScript = "\"${PODS_ROOT}/Target Support Files/Pods-Money Saver/Pods-Money Saver-frameworks.sh\"\n";
			showEnvVarsInLog = 0;
		};
		8BE37C5A740B34809B26F01B /* [CP] Check Pods Manifest.lock */ = {
			isa = PBXShellScriptBuildPhase;
			buildActionMask = 2147483647;
			files = (
			);
			inputFileListPaths = (
			);
			inputPaths = (
				"${PODS_PODFILE_DIR_PATH}/Podfile.lock",
				"${PODS_ROOT}/Manifest.lock",
			);
			name = "[CP] Check Pods Manifest.lock";
			outputFileListPaths = (
			);
			outputPaths = (
				"$(DERIVED_FILE_DIR)/Pods-Money Saver-checkManifestLockResult.txt",
			);
			runOnlyForDeploymentPostprocessing = 0;
			shellPath = /bin/sh;
			shellScript = "diff \"${PODS_PODFILE_DIR_PATH}/Podfile.lock\" \"${PODS_ROOT}/Manifest.lock\" > /dev/null\nif [ $? != 0 ] ; then\n    # print error to STDERR\n    echo \"error: The sandbox is not in sync with the Podfile.lock. Run 'pod install' or update your CocoaPods installation.\" >&2\n    exit 1\nfi\n# This output is used by Xcode 'outputs' to avoid re-running this script phase.\necho \"SUCCESS\" > \"${SCRIPT_OUTPUT_FILE_0}\"\n";
			showEnvVarsInLog = 0;
		};
/* End PBXShellScriptBuildPhase section */

/* Begin PBXSourcesBuildPhase section */
		FA282DFA279808F6003107CF /* Sources */ = {
			isa = PBXSourcesBuildPhase;
			buildActionMask = 2147483647;
			files = (
				FA2B4DF127ABFCFF002D0F38 /* WireframeProtocol.swift in Sources */,
				FA8A08DE27ABD1C300551C8F /* AppCoordinator.swift in Sources */,
				FA2B4DE927ABFC00002D0F38 /* DemoWireframe.swift in Sources */,
				FA282E06279808F6003107CF /* DemoViewController.swift in Sources */,
				FA2B4DEC27ABFC2D002D0F38 /* DemoViewModel.swift in Sources */,
				FA282E02279808F6003107CF /* AppDelegate.swift in Sources */,
			);
			runOnlyForDeploymentPostprocessing = 0;
		};
/* End PBXSourcesBuildPhase section */

/* Begin PBXVariantGroup section */
		FA282E0C279808F8003107CF /* LaunchScreen.storyboard */ = {
			isa = PBXVariantGroup;
			children = (
				FA282E0D279808F8003107CF /* Base */,
			);
			name = LaunchScreen.storyboard;
			sourceTree = "<group>";
		};
/* End PBXVariantGroup section */

/* Begin XCBuildConfiguration section */
		FA282E10279808F8003107CF /* Debug */ = {
			isa = XCBuildConfiguration;
			buildSettings = {
				ALWAYS_SEARCH_USER_PATHS = NO;
				CLANG_ANALYZER_NONNULL = YES;
				CLANG_ANALYZER_NUMBER_OBJECT_CONVERSION = YES_AGGRESSIVE;
				CLANG_CXX_LANGUAGE_STANDARD = "gnu++14";
				CLANG_CXX_LIBRARY = "libc++";
				CLANG_ENABLE_MODULES = YES;
				CLANG_ENABLE_OBJC_ARC = YES;
				CLANG_ENABLE_OBJC_WEAK = YES;
				CLANG_WARN_BLOCK_CAPTURE_AUTORELEASING = YES;
				CLANG_WARN_BOOL_CONVERSION = YES;
				CLANG_WARN_COMMA = YES;
				CLANG_WARN_CONSTANT_CONVERSION = YES;
				CLANG_WARN_DEPRECATED_OBJC_IMPLEMENTATIONS = YES;
				CLANG_WARN_DIRECT_OBJC_ISA_USAGE = YES_ERROR;
				CLANG_WARN_DOCUMENTATION_COMMENTS = YES;
				CLANG_WARN_EMPTY_BODY = YES;
				CLANG_WARN_ENUM_CONVERSION = YES;
				CLANG_WARN_INFINITE_RECURSION = YES;
				CLANG_WARN_INT_CONVERSION = YES;
				CLANG_WARN_NON_LITERAL_NULL_CONVERSION = YES;
				CLANG_WARN_OBJC_IMPLICIT_RETAIN_SELF = YES;
				CLANG_WARN_OBJC_LITERAL_CONVERSION = YES;
				CLANG_WARN_OBJC_ROOT_CLASS = YES_ERROR;
				CLANG_WARN_QUOTED_INCLUDE_IN_FRAMEWORK_HEADER = YES;
				CLANG_WARN_RANGE_LOOP_ANALYSIS = YES;
				CLANG_WARN_STRICT_PROTOTYPES = YES;
				CLANG_WARN_SUSPICIOUS_MOVE = YES;
				CLANG_WARN_UNGUARDED_AVAILABILITY = YES_AGGRESSIVE;
				CLANG_WARN_UNREACHABLE_CODE = YES;
				CLANG_WARN__DUPLICATE_METHOD_MATCH = YES;
				COPY_PHASE_STRIP = NO;
				DEBUG_INFORMATION_FORMAT = dwarf;
				ENABLE_STRICT_OBJC_MSGSEND = YES;
				ENABLE_TESTABILITY = YES;
				GCC_C_LANGUAGE_STANDARD = gnu11;
				GCC_DYNAMIC_NO_PIC = NO;
				GCC_NO_COMMON_BLOCKS = YES;
				GCC_OPTIMIZATION_LEVEL = 0;
				GCC_PREPROCESSOR_DEFINITIONS = (
					"DEBUG=1",
					"$(inherited)",
				);
				GCC_WARN_64_TO_32_BIT_CONVERSION = YES;
				GCC_WARN_ABOUT_RETURN_TYPE = YES_ERROR;
				GCC_WARN_UNDECLARED_SELECTOR = YES;
				GCC_WARN_UNINITIALIZED_AUTOS = YES_AGGRESSIVE;
				GCC_WARN_UNUSED_FUNCTION = YES;
				GCC_WARN_UNUSED_VARIABLE = YES;
				IPHONEOS_DEPLOYMENT_TARGET = 14.4;
				MTL_ENABLE_DEBUG_INFO = INCLUDE_SOURCE;
				MTL_FAST_MATH = YES;
				ONLY_ACTIVE_ARCH = YES;
				SDKROOT = iphoneos;
				SWIFT_ACTIVE_COMPILATION_CONDITIONS = DEBUG;
				SWIFT_OPTIMIZATION_LEVEL = "-Onone";
			};
			name = Debug;
		};
		FA282E11279808F8003107CF /* Release */ = {
			isa = XCBuildConfiguration;
			buildSettings = {
				ALWAYS_SEARCH_USER_PATHS = NO;
				CLANG_ANALYZER_NONNULL = YES;
				CLANG_ANALYZER_NUMBER_OBJECT_CONVERSION = YES_AGGRESSIVE;
				CLANG_CXX_LANGUAGE_STANDARD = "gnu++14";
				CLANG_CXX_LIBRARY = "libc++";
				CLANG_ENABLE_MODULES = YES;
				CLANG_ENABLE_OBJC_ARC = YES;
				CLANG_ENABLE_OBJC_WEAK = YES;
				CLANG_WARN_BLOCK_CAPTURE_AUTORELEASING = YES;
				CLANG_WARN_BOOL_CONVERSION = YES;
				CLANG_WARN_COMMA = YES;
				CLANG_WARN_CONSTANT_CONVERSION = YES;
				CLANG_WARN_DEPRECATED_OBJC_IMPLEMENTATIONS = YES;
				CLANG_WARN_DIRECT_OBJC_ISA_USAGE = YES_ERROR;
				CLANG_WARN_DOCUMENTATION_COMMENTS = YES;
				CLANG_WARN_EMPTY_BODY = YES;
				CLANG_WARN_ENUM_CONVERSION = YES;
				CLANG_WARN_INFINITE_RECURSION = YES;
				CLANG_WARN_INT_CONVERSION = YES;
				CLANG_WARN_NON_LITERAL_NULL_CONVERSION = YES;
				CLANG_WARN_OBJC_IMPLICIT_RETAIN_SELF = YES;
				CLANG_WARN_OBJC_LITERAL_CONVERSION = YES;
				CLANG_WARN_OBJC_ROOT_CLASS = YES_ERROR;
				CLANG_WARN_QUOTED_INCLUDE_IN_FRAMEWORK_HEADER = YES;
				CLANG_WARN_RANGE_LOOP_ANALYSIS = YES;
				CLANG_WARN_STRICT_PROTOTYPES = YES;
				CLANG_WARN_SUSPICIOUS_MOVE = YES;
				CLANG_WARN_UNGUARDED_AVAILABILITY = YES_AGGRESSIVE;
				CLANG_WARN_UNREACHABLE_CODE = YES;
				CLANG_WARN__DUPLICATE_METHOD_MATCH = YES;
				COPY_PHASE_STRIP = NO;
				DEBUG_INFORMATION_FORMAT = "dwarf-with-dsym";
				ENABLE_NS_ASSERTIONS = NO;
				ENABLE_STRICT_OBJC_MSGSEND = YES;
				GCC_C_LANGUAGE_STANDARD = gnu11;
				GCC_NO_COMMON_BLOCKS = YES;
				GCC_WARN_64_TO_32_BIT_CONVERSION = YES;
				GCC_WARN_ABOUT_RETURN_TYPE = YES_ERROR;
				GCC_WARN_UNDECLARED_SELECTOR = YES;
				GCC_WARN_UNINITIALIZED_AUTOS = YES_AGGRESSIVE;
				GCC_WARN_UNUSED_FUNCTION = YES;
				GCC_WARN_UNUSED_VARIABLE = YES;
				IPHONEOS_DEPLOYMENT_TARGET = 14.4;
				MTL_ENABLE_DEBUG_INFO = NO;
				MTL_FAST_MATH = YES;
				SDKROOT = iphoneos;
				SWIFT_COMPILATION_MODE = wholemodule;
				SWIFT_OPTIMIZATION_LEVEL = "-O";
				VALIDATE_PRODUCT = YES;
			};
			name = Release;
		};
		FA282E13279808F8003107CF /* Debug */ = {
			isa = XCBuildConfiguration;
			baseConfigurationReference = 5550E6FDC7CDB3A5EB6A8112 /* Pods-Money Saver.debug.xcconfig */;
			buildSettings = {
				ASSETCATALOG_COMPILER_APPICON_NAME = AppIcon;
				ASSETCATALOG_COMPILER_GLOBAL_ACCENT_COLOR_NAME = AccentColor;
				CODE_SIGN_STYLE = Automatic;
				DEVELOPMENT_TEAM = PP8V8Y78PA;
				INFOPLIST_FILE = "Money Saver/Info.plist";
				LD_RUNPATH_SEARCH_PATHS = (
					"$(inherited)",
					"@executable_path/Frameworks",
				);
				PRODUCT_BUNDLE_IDENTIFIER = "com.viet.Money-Saver";
				PRODUCT_NAME = "$(TARGET_NAME)";
				SWIFT_VERSION = 5.0;
				TARGETED_DEVICE_FAMILY = "1,2";
			};
			name = Debug;
		};
		FA282E14279808F8003107CF /* Release */ = {
			isa = XCBuildConfiguration;
			baseConfigurationReference = 72D56A5023A2EC5B22B6920E /* Pods-Money Saver.release.xcconfig */;
			buildSettings = {
				ASSETCATALOG_COMPILER_APPICON_NAME = AppIcon;
				ASSETCATALOG_COMPILER_GLOBAL_ACCENT_COLOR_NAME = AccentColor;
				CODE_SIGN_STYLE = Automatic;
				DEVELOPMENT_TEAM = PP8V8Y78PA;
				INFOPLIST_FILE = "Money Saver/Info.plist";
				LD_RUNPATH_SEARCH_PATHS = (
					"$(inherited)",
					"@executable_path/Frameworks",
				);
				PRODUCT_BUNDLE_IDENTIFIER = "com.viet.Money-Saver";
				PRODUCT_NAME = "$(TARGET_NAME)";
				SWIFT_VERSION = 5.0;
				TARGETED_DEVICE_FAMILY = "1,2";
			};
			name = Release;
		};
/* End XCBuildConfiguration section */

/* Begin XCConfigurationList section */
		FA282DF9279808F6003107CF /* Build configuration list for PBXProject "Money Saver" */ = {
			isa = XCConfigurationList;
			buildConfigurations = (
				FA282E10279808F8003107CF /* Debug */,
				FA282E11279808F8003107CF /* Release */,
			);
			defaultConfigurationIsVisible = 0;
			defaultConfigurationName = Release;
		};
		FA282E12279808F8003107CF /* Build configuration list for PBXNativeTarget "Money Saver" */ = {
			isa = XCConfigurationList;
			buildConfigurations = (
				FA282E13279808F8003107CF /* Debug */,
				FA282E14279808F8003107CF /* Release */,
			);
			defaultConfigurationIsVisible = 0;
			defaultConfigurationName = Release;
		};
/* End XCConfigurationList section */
	};
	rootObject = FA282DF6279808F6003107CF /* Project object */;
}
